
Microsoft Visual Studio Solution File, Format Version 12.00
# Visual Studio Version 17
VisualStudioVersion = 17.3.32901.215
MinimumVisualStudioVersion = 10.0.40219.1
Project("{FAE04EC0-301F-11D3-BF4B-00C04F79EFBC}") = "WebApplication2", "WebApplication2\WebApplication2.csproj", "{387807D3-CA6C-43E1-B3B1-5FD6EFE45F23}"
EndProject
Global
	GlobalSection(SolutionConfigurationPlatforms) = preSolution
		Debug|Any CPU = Debug|Any CPU
		Release|Any CPU = Release|Any CPU
	EndGlobalSection
	GlobalSection(ProjectConfigurationPlatforms) = postSolution
		{387807D3-CA6C-43E1-B3B1-5FD6EFE45F23}.Debug|Any CPU.ActiveCfg = Debug|Any CPU
		{387807D3-CA6C-43E1-B3B1-5FD6EFE45F23}.Debug|Any CPU.Build.0 = Debug|Any CPU
		{387807D3-CA6C-43E1-B3B1-5FD6EFE45F23}.Release|Any CPU.ActiveCfg = Release|Any CPU
		{387807D3-CA6C-43E1-B3B1-5FD6EFE45F23}.Release|Any CPU.Build.0 = Release|Any CPU
	EndGlobalSection
	GlobalSection(SolutionProperties) = preSolution
		HideSolutionNode = FALSE
	EndGlobalSection
	GlobalSection(ExtensibilityGlobals) = postSolution
		SolutionGuid = {AC575819-AC66-460E-B493-350119AFBAB0}
	EndGlobalSection
EndGlobal
